
Microsoft Visual Studio Solution File, Format Version 12.00
# Visual Studio Version 17
VisualStudioVersion = 17.4.33103.184
MinimumVisualStudioVersion = 10.0.40219.1
Project("{FAE04EC0-301F-11D3-BF4B-00C04F79EFBC}") = "Arcanoid", "Arcanoid.csproj", "{EF03A057-13B4-4335-B3C0-4750F203DDEC}"
EndProject
Global
	GlobalSection(SolutionConfigurationPlatforms) = preSolution
		Debug|Any CPU = Debug|Any CPU
		Release|Any CPU = Release|Any CPU
	EndGlobalSection
	GlobalSection(ProjectConfigurationPlatforms) = postSolution
		{EF03A057-13B4-4335-B3C0-4750F203DDEC}.Debug|Any CPU.ActiveCfg = Debug|Any CPU
		{EF03A057-13B4-4335-B3C0-4750F203DDEC}.Debug|Any CPU.Build.0 = Debug|Any CPU
		{EF03A057-13B4-4335-B3C0-4750F203DDEC}.Release|Any CPU.ActiveCfg = Release|Any CPU
		{EF03A057-13B4-4335-B3C0-4750F203DDEC}.Release|Any CPU.Build.0 = Release|Any CPU
	EndGlobalSection
	GlobalSection(SolutionProperties) = preSolution
		HideSolutionNode = FALSE
	EndGlobalSection
	GlobalSection(ExtensibilityGlobals) = postSolution
		SolutionGuid = {8B00C9F2-FD7B-4488-8778-07122EBAE6AA}
	EndGlobalSection
EndGlobal
